
Microsoft Visual Studio Solution File, Format Version 12.00
EndProject
Project("{FAE04EC0-301F-11D3-BF4B-00C04F79EFBC}") = "Fracta.netframework", "Fracta\Fracta.netframework.csproj", "{17120C52-D72E-4A74-BD94-131F95F6C95C}"
EndProject
Project("{FAE04EC0-301F-11D3-BF4B-00C04F79EFBC}") = "Fracta.netcore", "Fracta\Fracta.netcore.csproj", "{6F8C541A-21EF-4AB2-A1AB-5DD10D9B6E51}"
EndProject
Global
	GlobalSection(SolutionConfigurationPlatforms) = preSolution
		Debug|Any CPU = Debug|Any CPU
		Release|Any CPU = Release|Any CPU
	EndGlobalSection
	GlobalSection(ProjectConfigurationPlatforms) = postSolution
		{17120C52-D72E-4A74-BD94-131F95F6C95C}.Debug|Any CPU.ActiveCfg = Debug|Any CPU
		{17120C52-D72E-4A74-BD94-131F95F6C95C}.Debug|Any CPU.Build.0 = Debug|Any CPU
		{17120C52-D72E-4A74-BD94-131F95F6C95C}.Release|Any CPU.ActiveCfg = Release|Any CPU
		{17120C52-D72E-4A74-BD94-131F95F6C95C}.Release|Any CPU.Build.0 = Release|Any CPU
	EndGlobalSection
EndGlobal
